gitee.com/MM-Q/colorlib v1.0.2 h1:/bvH2oZ/EkJMx5FS5jsyvttl7LhYlfyf1OtEoVaJ5PI=
gitee.com/MM-Q/colorlib v1.0.2/go.mod h1:k7AxDD3mOIFVdGRqLqz3jYOGRC2vV7QVjnZWpt/J3Ds=
gitee.com/MM-Q/colorlib v1.1.0 h1:gZpMRxw8jHGyNO79TOG8Jurtq6S4dq6D0P0Ui8FkIjg=
gitee.com/MM-Q/colorlib v1.1.0/go.mod h1:k7AxDD3mOIFVdGRqLqz3jYOGRC2vV7QVjnZWpt/J3Ds=
