gitee.com/MM-Q/colorlib v1.3.0 h1:R+vEhn7rJKDJqyVIWQhCh/Pz5zeYN3Yu6CI69Z6JMxY=
gitee.com/MM-Q/colorlib v1.3.0/go.mod h1:k7AxDD3mOIFVdGRqLqz3jYOGRC2vV7QVjnZWpt/J3Ds=
gitee.com/MM-Q/logrotatex v1.0.0 h1:SvS/GjJbJ6gfu8BNNqEsin+jdJUcs+MVTNy+tEgZQ70=
gitee.com/MM-Q/logrotatex v1.0.0/go.mod h1:gfF84CfytsSBZK53BWCz4iJPGZCGLV2zdGSXC6zQTJ8=
