gitee.com/MM-Q/colorlib v1.2.4 h1:jZkAFmPNqg7kUHXj1/pPbD1PRbKRBQPRHL8ArenYwf8=
gitee.com/MM-Q/colorlib v1.2.4/go.mod h1:k7AxDD3mOIFVdGRqLqz3jYOGRC2vV7QVjnZWpt/J3Ds=
gitee.com/MM-Q/logrotatex v0.0.5 h1:0RNKi8kSPR6QW8LDl9mSXkL/SzEZg8NE1eTI3Iw7k40=
gitee.com/MM-Q/logrotatex v0.0.5/go.mod h1:YbBl2hAcdDHqKIRbAA+pY5yNDjQNS/alMA2z1JaS3UY=
